// !$*UTF8*$!
{
	archiveVersion = 1;
	classes = {
	};
	objectVersion = 56;
	objects = {

/* Begin PBXBuildFile section */
		3334E1A82AD6BC1800D853D7 /* AppDelegate.swift in Sources */ = {isa = PBXBuildFile; fileRef = 3334E1A72AD6BC1800D853D7 /* AppDelegate.swift */; };
		3334E1AA2AD6BC1800D853D7 /* SceneDelegate.swift in Sources */ = {isa = PBXBuildFile; fileRef = 3334E1A92AD6BC1800D853D7 /* SceneDelegate.swift */; };
		3334E1AC2AD6BC1800D853D7 /* RootViewController.swift in Sources */ = {isa = PBXBuildFile; fileRef = 3334E1AB2AD6BC1800D853D7 /* RootViewController.swift */; };
		3334E1B12AD6BC1A00D853D7 /* Assets.xcassets in Resources */ = {isa = PBXBuildFile; fileRef = 3334E1B02AD6BC1A00D853D7 /* Assets.xcassets */; };
		3334E1B42AD6BC1A00D853D7 /* LaunchScreen.storyboard in Resources */ = {isa = PBXBuildFile; fileRef = 3334E1B22AD6BC1A00D853D7 /* LaunchScreen.storyboard */; };
		3334E1C72AD9113900D853D7 /* UIViewController+Ext.swift in Sources */ = {isa = PBXBuildFile; fileRef = 3334E1C62AD9113900D853D7 /* UIViewController+Ext.swift */; };
		3334E1C92AD911ED00D853D7 /* Blog.swift in Sources */ = {isa = PBXBuildFile; fileRef = 3334E1C82AD911ED00D853D7 /* Blog.swift */; };
		3334E1CB2AD9121700D853D7 /* AuthUser.swift in Sources */ = {isa = PBXBuildFile; fileRef = 3334E1CA2AD9121700D853D7 /* AuthUser.swift */; };
		3334E1CD2AD9126400D853D7 /* Post.swift in Sources */ = {isa = PBXBuildFile; fileRef = 3334E1CC2AD9126400D853D7 /* Post.swift */; };
		3334E1D12AD9129600D853D7 /* APIService.swift in Sources */ = {isa = PBXBuildFile; fileRef = 3334E1D02AD9129600D853D7 /* APIService.swift */; };
		3334E1D52AD913FE00D853D7 /* Date+Ext.swift in Sources */ = {isa = PBXBuildFile; fileRef = 3334E1D42AD913FE00D853D7 /* Date+Ext.swift */; };
		3334E1D72AD914EF00D853D7 /* User.swift in Sources */ = {isa = PBXBuildFile; fileRef = 3334E1D62AD914EF00D853D7 /* User.swift */; };
		3334E1D92AD9181F00D853D7 /* AuthViewModel.swift in Sources */ = {isa = PBXBuildFile; fileRef = 3334E1D82AD9181F00D853D7 /* AuthViewModel.swift */; };
		3334E1DE2AD918CB00D853D7 /* HomeViewController.swift in Sources */ = {isa = PBXBuildFile; fileRef = 3334E1DD2AD918CB00D853D7 /* HomeViewController.swift */; };
		3334E1E42AD9194500D853D7 /* CalendarViewController.swift in Sources */ = {isa = PBXBuildFile; fileRef = 3334E1E32AD9194500D853D7 /* CalendarViewController.swift */; };
		3334E1E82AD919A200D853D7 /* CommunityViewController.swift in Sources */ = {isa = PBXBuildFile; fileRef = 3334E1E72AD919A200D853D7 /* CommunityViewController.swift */; };
		3334E1EB2AD919D700D853D7 /* MyProfileViewController.swift in Sources */ = {isa = PBXBuildFile; fileRef = 3334E1EA2AD919D700D853D7 /* MyProfileViewController.swift */; };
		3334E1EE2AD919F500D853D7 /* SignInViewController.swift in Sources */ = {isa = PBXBuildFile; fileRef = 3334E1ED2AD919F500D853D7 /* SignInViewController.swift */; };
		3334E1F12AD91DA100D853D7 /* PinLayout in Frameworks */ = {isa = PBXBuildFile; productRef = 3334E1F02AD91DA100D853D7 /* PinLayout */; };
		3334E1F42AD91DCB00D853D7 /* FlexLayout in Frameworks */ = {isa = PBXBuildFile; productRef = 3334E1F32AD91DCB00D853D7 /* FlexLayout */; };
		3334E1F62AD91DCB00D853D7 /* FlexLayoutYoga in Frameworks */ = {isa = PBXBuildFile; productRef = 3334E1F52AD91DCB00D853D7 /* FlexLayoutYoga */; };
		3334E1F82AD91DCB00D853D7 /* FlexLayoutYogaKit in Frameworks */ = {isa = PBXBuildFile; productRef = 3334E1F72AD91DCB00D853D7 /* FlexLayoutYogaKit */; };
		3373D55F2AF4ECC30057A23B /* MoyaSugar in Frameworks */ = {isa = PBXBuildFile; productRef = 3373D55E2AF4ECC30057A23B /* MoyaSugar */; };
		3373D5662AFA2EDE0057A23B /* LikeButton.swift in Sources */ = {isa = PBXBuildFile; fileRef = 3373D5652AFA2EDE0057A23B /* LikeButton.swift */; };
		33A4E81C2AEBB14800E3F55E /* BlogViewModel.swift in Sources */ = {isa = PBXBuildFile; fileRef = 33A4E81B2AEBB14800E3F55E /* BlogViewModel.swift */; };
		33A4E81E2AEBB24A00E3F55E /* Exported.swift in Sources */ = {isa = PBXBuildFile; fileRef = 33A4E81D2AEBB24A00E3F55E /* Exported.swift */; };
		33A4E8242AECB4C700E3F55E /* UserViewModel.swift in Sources */ = {isa = PBXBuildFile; fileRef = 33A4E8232AECB4C700E3F55E /* UserViewModel.swift */; };
		33A4E8262AECB57000E3F55E /* PostViewModel.swift in Sources */ = {isa = PBXBuildFile; fileRef = 33A4E8252AECB57000E3F55E /* PostViewModel.swift */; };
		33A4E82A2AECBE0800E3F55E /* SeeMoreBottomSheetViewController.swift in Sources */ = {isa = PBXBuildFile; fileRef = 33A4E8292AECBE0800E3F55E /* SeeMoreBottomSheetViewController.swift */; };
		33A4E82C2AECBE3C00E3F55E /* MoreTableViewCell.swift in Sources */ = {isa = PBXBuildFile; fileRef = 33A4E82B2AECBE3C00E3F55E /* MoreTableViewCell.swift */; };
		33A4E8302AEF740600E3F55E /* Community.swift in Sources */ = {isa = PBXBuildFile; fileRef = 33A4E82F2AEF740600E3F55E /* Community.swift */; };
		33A4E8322AEFCA7100E3F55E /* LoadingViewController.swift in Sources */ = {isa = PBXBuildFile; fileRef = 33A4E8312AEFCA7100E3F55E /* LoadingViewController.swift */; };
		33A4E83C2AF0EB6300E3F55E /* converter.swift in Sources */ = {isa = PBXBuildFile; fileRef = 33A4E83B2AF0EB6300E3F55E /* converter.swift */; };
		33A4E83E2AF0ECD700E3F55E /* CommunityViewModel.swift in Sources */ = {isa = PBXBuildFile; fileRef = 33A4E83D2AF0ECD700E3F55E /* CommunityViewModel.swift */; };
		33DC8E002ADF84CC00580FA0 /* Then in Frameworks */ = {isa = PBXBuildFile; productRef = 33DC8DFF2ADF84CC00580FA0 /* Then */; };
		33DC8E032ADFC9CC00580FA0 /* CombineMoya in Frameworks */ = {isa = PBXBuildFile; productRef = 33DC8E022ADFC9CC00580FA0 /* CombineMoya */; };
		33DC8E052ADFC9CC00580FA0 /* Moya in Frameworks */ = {isa = PBXBuildFile; productRef = 33DC8E042ADFC9CC00580FA0 /* Moya */; };
		33DC8E0A2ADFDAFF00580FA0 /* TestNetworkViewController.swift in Sources */ = {isa = PBXBuildFile; fileRef = 33DC8E092ADFDAFF00580FA0 /* TestNetworkViewController.swift */; };
		33DC8E0C2ADFFCAB00580FA0 /* Moya+Ext.swift in Sources */ = {isa = PBXBuildFile; fileRef = 33DC8E0B2ADFFCAB00580FA0 /* Moya+Ext.swift */; };
		33DC8E0E2AE0029D00580FA0 /* TestLayoutViewController.swift in Sources */ = {isa = PBXBuildFile; fileRef = 33DC8E0D2AE0029D00580FA0 /* TestLayoutViewController.swift */; };
		9B859B2B2AE26C2600025E8B /* ProfileEditViewController.swift in Sources */ = {isa = PBXBuildFile; fileRef = 9B859B2A2AE26C2600025E8B /* ProfileEditViewController.swift */; };
		9BB3AD6F2AEEC99F004A25DB /* MyProfileTableViewCell.swift in Sources */ = {isa = PBXBuildFile; fileRef = 9BB3AD6E2AEEC99F004A25DB /* MyProfileTableViewCell.swift */; };
		9BE049B92AEB968E00A47CFC /* WebViewController.swift in Sources */ = {isa = PBXBuildFile; fileRef = 9BE049B82AEB968E00A47CFC /* WebViewController.swift */; };
		9BE049C02AED229600A47CFC /* UserProfileViewController.swift in Sources */ = {isa = PBXBuildFile; fileRef = 9BE049BF2AED229600A47CFC /* UserProfileViewController.swift */; };
		9BE049C22AED60EE00A47CFC /* UserTableViewCell.swift in Sources */ = {isa = PBXBuildFile; fileRef = 9BE049C12AED60EE00A47CFC /* UserTableViewCell.swift */; };
		AB75EDE82AEF9CBB00BC1BC9 /* XMLCoder in Frameworks */ = {isa = PBXBuildFile; productRef = AB75EDE72AEF9CBB00BC1BC9 /* XMLCoder */; };
		AB75EDEA2AF0E90300BC1BC9 /* Rss.swift in Sources */ = {isa = PBXBuildFile; fileRef = AB75EDE92AF0E90300BC1BC9 /* Rss.swift */; };
		AB75EDEC2AF0E9A000BC1BC9 /* RssViewModel.swift in Sources */ = {isa = PBXBuildFile; fileRef = AB75EDEB2AF0E9A000BC1BC9 /* RssViewModel.swift */; };
		AB8F2A1A2AEF9B260022D3E4 /* FSCalendar in Frameworks */ = {isa = PBXBuildFile; productRef = AB8F2A192AEF9B260022D3E4 /* FSCalendar */; };
		D20DC9E42AF206D8001F83D0 /* KeywordInputViewModel.swift in Sources */ = {isa = PBXBuildFile; fileRef = D20DC9E32AF206D8001F83D0 /* KeywordInputViewModel.swift */; };
		D20DC9E62AF2098F001F83D0 /* KeywordInput.swift in Sources */ = {isa = PBXBuildFile; fileRef = D20DC9E52AF2098F001F83D0 /* KeywordInput.swift */; };
		D20DC9E82AF3878A001F83D0 /* CustomKeywordView.swift in Sources */ = {isa = PBXBuildFile; fileRef = D20DC9E72AF3878A001F83D0 /* CustomKeywordView.swift */; };
		D20DC9EA2AF3AA9E001F83D0 /* HorizontalTagsCollectionView.swift in Sources */ = {isa = PBXBuildFile; fileRef = D20DC9E92AF3AA9E001F83D0 /* HorizontalTagsCollectionView.swift */; };
		D24BB9912AE106F000ED7028 /* BlogListViewController.swift in Sources */ = {isa = PBXBuildFile; fileRef = D24BB9902AE106F000ED7028 /* BlogListViewController.swift */; };
		D24BB9932AE107F800ED7028 /* BlogListTableViewCell.swift in Sources */ = {isa = PBXBuildFile; fileRef = D24BB9922AE107F800ED7028 /* BlogListTableViewCell.swift */; };
		D24BB9952AE1104400ED7028 /* BlogEditViewController.swift in Sources */ = {isa = PBXBuildFile; fileRef = D24BB9942AE1104400ED7028 /* BlogEditViewController.swift */; };
		D28DC8072AE21E9D00D00EC6 /* BlogRegisterViewController.swift in Sources */ = {isa = PBXBuildFile; fileRef = D28DC8062AE21E9D00D00EC6 /* BlogRegisterViewController.swift */; };
		D29659EE2AE7EE5D000C28A6 /* TagCollectionViewCell.swift in Sources */ = {isa = PBXBuildFile; fileRef = D29659ED2AE7EE5D000C28A6 /* TagCollectionViewCell.swift */; };
		D29659F02AE7EEEB000C28A6 /* TagCollectionViewFlowLayout.swift in Sources */ = {isa = PBXBuildFile; fileRef = D29659EF2AE7EEEB000C28A6 /* TagCollectionViewFlowLayout.swift */; };
		D29659F22AE80313000C28A6 /* EditTagViewController.swift in Sources */ = {isa = PBXBuildFile; fileRef = D29659F12AE80313000C28A6 /* EditTagViewController.swift */; };
		D29F54C52AF9FC970064B9B3 /* UITableView+Ext.swift in Sources */ = {isa = PBXBuildFile; fileRef = D29F54C42AF9FC970064B9B3 /* UITableView+Ext.swift */; };
		D29F54C72AFB2BC80064B9B3 /* NotificationCenter+Ext.swift in Sources */ = {isa = PBXBuildFile; fileRef = D29F54C62AFB2BC80064B9B3 /* NotificationCenter+Ext.swift */; };
		D2A1684A2AE8D4E5006BD2C4 /* UIView+Ext.swift in Sources */ = {isa = PBXBuildFile; fileRef = D2A168492AE8D4E5006BD2C4 /* UIView+Ext.swift */; };
		D2A1684C2AE8D7AE006BD2C4 /* ContextTapGestureRecognizer.swift in Sources */ = {isa = PBXBuildFile; fileRef = D2A1684B2AE8D7AE006BD2C4 /* ContextTapGestureRecognizer.swift */; };
		D2A4D1F92AE5DD4000B510A3 /* FollowListViewController.swift in Sources */ = {isa = PBXBuildFile; fileRef = D2A4D1F82AE5DD4000B510A3 /* FollowListViewController.swift */; };
		D2A4D1FB2AE5DF9000B510A3 /* FollowListTableViewCell.swift in Sources */ = {isa = PBXBuildFile; fileRef = D2A4D1FA2AE5DF9000B510A3 /* FollowListTableViewCell.swift */; };
		D2A4D1FD2AE60EDC00B510A3 /* CommunityTableViewCell.swift in Sources */ = {isa = PBXBuildFile; fileRef = D2A4D1FC2AE60EDC00B510A3 /* CommunityTableViewCell.swift */; };
		D2BEB5072AF8B78700C1BF30 /* BlockedUserViewController.swift in Sources */ = {isa = PBXBuildFile; fileRef = D2BEB5062AF8B78700C1BF30 /* BlockedUserViewController.swift */; };
		D2BEB5092AF8BB9C00C1BF30 /* CustomBlockedUserView.swift in Sources */ = {isa = PBXBuildFile; fileRef = D2BEB5082AF8BB9C00C1BF30 /* CustomBlockedUserView.swift */; };
		D2BEB50B2AF8BE5200C1BF30 /* BlockedUserTableViewCell.swift in Sources */ = {isa = PBXBuildFile; fileRef = D2BEB50A2AF8BE5200C1BF30 /* BlockedUserTableViewCell.swift */; };
		D2CDB6F52AEB66A900BFD8C2 /* CustomLargeButton.swift in Sources */ = {isa = PBXBuildFile; fileRef = D2CDB6F42AEB66A900BFD8C2 /* CustomLargeButton.swift */; };
		D2CDB6F72AEB66EC00BFD8C2 /* CustomLargeBorderButton.swift in Sources */ = {isa = PBXBuildFile; fileRef = D2CDB6F62AEB66EC00BFD8C2 /* CustomLargeBorderButton.swift */; };
		D2CDB6F92AEB671800BFD8C2 /* CustomFollowButton.swift in Sources */ = {isa = PBXBuildFile; fileRef = D2CDB6F82AEB671800BFD8C2 /* CustomFollowButton.swift */; };
		D2CDB6FD2AEB677100BFD8C2 /* CustomTitleLabel.swift in Sources */ = {isa = PBXBuildFile; fileRef = D2CDB6FC2AEB677100BFD8C2 /* CustomTitleLabel.swift */; };
		D2CDB6FF2AEB679800BFD8C2 /* CustomTextField.swift in Sources */ = {isa = PBXBuildFile; fileRef = D2CDB6FE2AEB679800BFD8C2 /* CustomTextField.swift */; };
		D2CDB7012AEB67C000BFD8C2 /* CustomTextFieldView.swift in Sources */ = {isa = PBXBuildFile; fileRef = D2CDB7002AEB67C000BFD8C2 /* CustomTextFieldView.swift */; };
		D2CDB7032AEB680300BFD8C2 /* CustomTextFieldViewWithValidation.swift in Sources */ = {isa = PBXBuildFile; fileRef = D2CDB7022AEB680300BFD8C2 /* CustomTextFieldViewWithValidation.swift */; };
		D2CDB7052AEB684100BFD8C2 /* CustomLabelView.swift in Sources */ = {isa = PBXBuildFile; fileRef = D2CDB7042AEB684100BFD8C2 /* CustomLabelView.swift */; };
		D2CDB7072AEB686E00BFD8C2 /* CustomUserView.swift in Sources */ = {isa = PBXBuildFile; fileRef = D2CDB7062AEB686E00BFD8C2 /* CustomUserView.swift */; };
		D2CDB7092AEB689D00BFD8C2 /* CustomTILView.swift in Sources */ = {isa = PBXBuildFile; fileRef = D2CDB7082AEB689D00BFD8C2 /* CustomTILView.swift */; };
		D2CDB70B2AEB68DB00BFD8C2 /* CustomCommunityTILView.swift in Sources */ = {isa = PBXBuildFile; fileRef = D2CDB70A2AEB68DB00BFD8C2 /* CustomCommunityTILView.swift */; };
		D2CDB70D2AEB690400BFD8C2 /* CustomBlogView.swift in Sources */ = {isa = PBXBuildFile; fileRef = D2CDB70C2AEB690400BFD8C2 /* CustomBlogView.swift */; };
		D2CDB70F2AEB693C00BFD8C2 /* CustomSegmentedControl.swift in Sources */ = {isa = PBXBuildFile; fileRef = D2CDB70E2AEB693C00BFD8C2 /* CustomSegmentedControl.swift */; };
		D2CDB7112AEB696E00BFD8C2 /* CustomTagHeaderView.swift in Sources */ = {isa = PBXBuildFile; fileRef = D2CDB7102AEB696E00BFD8C2 /* CustomTagHeaderView.swift */; };
		D2CDB7132AEB699000BFD8C2 /* CustomTagView.swift in Sources */ = {isa = PBXBuildFile; fileRef = D2CDB7122AEB699000BFD8C2 /* CustomTagView.swift */; };
		D2CDB7152AEB69DB00BFD8C2 /* TestComponentsViewController.swift in Sources */ = {isa = PBXBuildFile; fileRef = D2CDB7142AEB69DB00BFD8C2 /* TestComponentsViewController.swift */; };
/* End PBXBuildFile section */

/* Begin PBXFileReference section */
		3334E1A42AD6BC1800D853D7 /* TILApp.app */ = {isa = PBXFileReference; explicitFileType = wrapper.application; includeInIndex = 0; path = TILApp.app; sourceTree = BUILT_PRODUCTS_DIR; };
		3334E1A72AD6BC1800D853D7 /* AppDelegate.swift */ = {isa = PBXFileReference; lastKnownFileType = sourcecode.swift; path = AppDelegate.swift; sourceTree = "<group>"; };
		3334E1A92AD6BC1800D853D7 /* SceneDelegate.swift */ = {isa = PBXFileReference; lastKnownFileType = sourcecode.swift; path = SceneDelegate.swift; sourceTree = "<group>"; };
		3334E1AB2AD6BC1800D853D7 /* RootViewController.swift */ = {isa = PBXFileReference; lastKnownFileType = sourcecode.swift; path = RootViewController.swift; sourceTree = "<group>"; };
		3334E1B02AD6BC1A00D853D7 /* Assets.xcassets */ = {isa = PBXFileReference; lastKnownFileType = folder.assetcatalog; path = Assets.xcassets; sourceTree = "<group>"; };
		3334E1B32AD6BC1A00D853D7 /* Base */ = {isa = PBXFileReference; lastKnownFileType = file.storyboard; name = Base; path = Base.lproj/LaunchScreen.storyboard; sourceTree = "<group>"; };
		3334E1B52AD6BC1A00D853D7 /* Info.plist */ = {isa = PBXFileReference; lastKnownFileType = text.plist.xml; path = Info.plist; sourceTree = "<group>"; };
		3334E1C62AD9113900D853D7 /* UIViewController+Ext.swift */ = {isa = PBXFileReference; lastKnownFileType = sourcecode.swift; path = "UIViewController+Ext.swift"; sourceTree = "<group>"; };
		3334E1C82AD911ED00D853D7 /* Blog.swift */ = {isa = PBXFileReference; lastKnownFileType = sourcecode.swift; path = Blog.swift; sourceTree = "<group>"; };
		3334E1CA2AD9121700D853D7 /* AuthUser.swift */ = {isa = PBXFileReference; lastKnownFileType = sourcecode.swift; path = AuthUser.swift; sourceTree = "<group>"; };
		3334E1CC2AD9126400D853D7 /* Post.swift */ = {isa = PBXFileReference; lastKnownFileType = sourcecode.swift; path = Post.swift; sourceTree = "<group>"; };
		3334E1D02AD9129600D853D7 /* APIService.swift */ = {isa = PBXFileReference; lastKnownFileType = sourcecode.swift; path = APIService.swift; sourceTree = "<group>"; };
		3334E1D42AD913FE00D853D7 /* Date+Ext.swift */ = {isa = PBXFileReference; lastKnownFileType = sourcecode.swift; path = "Date+Ext.swift"; sourceTree = "<group>"; };
		3334E1D62AD914EF00D853D7 /* User.swift */ = {isa = PBXFileReference; lastKnownFileType = sourcecode.swift; path = User.swift; sourceTree = "<group>"; };
		3334E1D82AD9181F00D853D7 /* AuthViewModel.swift */ = {isa = PBXFileReference; lastKnownFileType = sourcecode.swift; path = AuthViewModel.swift; sourceTree = "<group>"; };
		3334E1DD2AD918CB00D853D7 /* HomeViewController.swift */ = {isa = PBXFileReference; lastKnownFileType = sourcecode.swift; path = HomeViewController.swift; sourceTree = "<group>"; };
		3334E1E32AD9194500D853D7 /* CalendarViewController.swift */ = {isa = PBXFileReference; lastKnownFileType = sourcecode.swift; path = CalendarViewController.swift; sourceTree = "<group>"; };
		3334E1E72AD919A200D853D7 /* CommunityViewController.swift */ = {isa = PBXFileReference; lastKnownFileType = sourcecode.swift; path = CommunityViewController.swift; sourceTree = "<group>"; };
		3334E1EA2AD919D700D853D7 /* MyProfileViewController.swift */ = {isa = PBXFileReference; lastKnownFileType = sourcecode.swift; path = MyProfileViewController.swift; sourceTree = "<group>"; };
		3334E1ED2AD919F500D853D7 /* SignInViewController.swift */ = {isa = PBXFileReference; lastKnownFileType = sourcecode.swift; path = SignInViewController.swift; sourceTree = "<group>"; };
		3373D5652AFA2EDE0057A23B /* LikeButton.swift */ = {isa = PBXFileReference; lastKnownFileType = sourcecode.swift; path = LikeButton.swift; sourceTree = "<group>"; };
		33A4E81B2AEBB14800E3F55E /* BlogViewModel.swift */ = {isa = PBXFileReference; lastKnownFileType = sourcecode.swift; path = BlogViewModel.swift; sourceTree = "<group>"; };
		33A4E81D2AEBB24A00E3F55E /* Exported.swift */ = {isa = PBXFileReference; lastKnownFileType = sourcecode.swift; path = Exported.swift; sourceTree = "<group>"; };
		33A4E8232AECB4C700E3F55E /* UserViewModel.swift */ = {isa = PBXFileReference; lastKnownFileType = sourcecode.swift; path = UserViewModel.swift; sourceTree = "<group>"; };
		33A4E8252AECB57000E3F55E /* PostViewModel.swift */ = {isa = PBXFileReference; lastKnownFileType = sourcecode.swift; path = PostViewModel.swift; sourceTree = "<group>"; };
		33A4E8292AECBE0800E3F55E /* SeeMoreBottomSheetViewController.swift */ = {isa = PBXFileReference; lastKnownFileType = sourcecode.swift; path = SeeMoreBottomSheetViewController.swift; sourceTree = "<group>"; };
		33A4E82B2AECBE3C00E3F55E /* MoreTableViewCell.swift */ = {isa = PBXFileReference; lastKnownFileType = sourcecode.swift; path = MoreTableViewCell.swift; sourceTree = "<group>"; };
		33A4E82F2AEF740600E3F55E /* Community.swift */ = {isa = PBXFileReference; lastKnownFileType = sourcecode.swift; path = Community.swift; sourceTree = "<group>"; };
		33A4E8312AEFCA7100E3F55E /* LoadingViewController.swift */ = {isa = PBXFileReference; lastKnownFileType = sourcecode.swift; path = LoadingViewController.swift; sourceTree = "<group>"; };
		33A4E83B2AF0EB6300E3F55E /* converter.swift */ = {isa = PBXFileReference; lastKnownFileType = sourcecode.swift; path = converter.swift; sourceTree = "<group>"; };
		33A4E83D2AF0ECD700E3F55E /* CommunityViewModel.swift */ = {isa = PBXFileReference; lastKnownFileType = sourcecode.swift; path = CommunityViewModel.swift; sourceTree = "<group>"; };
		33DC8E092ADFDAFF00580FA0 /* TestNetworkViewController.swift */ = {isa = PBXFileReference; lastKnownFileType = sourcecode.swift; path = TestNetworkViewController.swift; sourceTree = "<group>"; };
		33DC8E0B2ADFFCAB00580FA0 /* Moya+Ext.swift */ = {isa = PBXFileReference; lastKnownFileType = sourcecode.swift; path = "Moya+Ext.swift"; sourceTree = "<group>"; };
		33DC8E0D2AE0029D00580FA0 /* TestLayoutViewController.swift */ = {isa = PBXFileReference; lastKnownFileType = sourcecode.swift; path = TestLayoutViewController.swift; sourceTree = "<group>"; };
		9B859B2A2AE26C2600025E8B /* ProfileEditViewController.swift */ = {isa = PBXFileReference; lastKnownFileType = sourcecode.swift; path = ProfileEditViewController.swift; sourceTree = "<group>"; };
		9BB3AD6E2AEEC99F004A25DB /* MyProfileTableViewCell.swift */ = {isa = PBXFileReference; lastKnownFileType = sourcecode.swift; path = MyProfileTableViewCell.swift; sourceTree = "<group>"; };
		9BE049B82AEB968E00A47CFC /* WebViewController.swift */ = {isa = PBXFileReference; lastKnownFileType = sourcecode.swift; path = WebViewController.swift; sourceTree = "<group>"; };
		9BE049BF2AED229600A47CFC /* UserProfileViewController.swift */ = {isa = PBXFileReference; lastKnownFileType = sourcecode.swift; path = UserProfileViewController.swift; sourceTree = "<group>"; };
		9BE049C12AED60EE00A47CFC /* UserTableViewCell.swift */ = {isa = PBXFileReference; lastKnownFileType = sourcecode.swift; path = UserTableViewCell.swift; sourceTree = "<group>"; };
		AB75EDE92AF0E90300BC1BC9 /* Rss.swift */ = {isa = PBXFileReference; lastKnownFileType = sourcecode.swift; path = Rss.swift; sourceTree = "<group>"; };
		AB75EDEB2AF0E9A000BC1BC9 /* RssViewModel.swift */ = {isa = PBXFileReference; lastKnownFileType = sourcecode.swift; path = RssViewModel.swift; sourceTree = "<group>"; };
		D20AD8D02ADC5ECA00CDEB2C /* TILApp.entitlements */ = {isa = PBXFileReference; lastKnownFileType = text.plist.entitlements; path = TILApp.entitlements; sourceTree = "<group>"; };
		D20DC9E32AF206D8001F83D0 /* KeywordInputViewModel.swift */ = {isa = PBXFileReference; lastKnownFileType = sourcecode.swift; path = KeywordInputViewModel.swift; sourceTree = "<group>"; };
		D20DC9E52AF2098F001F83D0 /* KeywordInput.swift */ = {isa = PBXFileReference; lastKnownFileType = sourcecode.swift; path = KeywordInput.swift; sourceTree = "<group>"; };
		D20DC9E72AF3878A001F83D0 /* CustomKeywordView.swift */ = {isa = PBXFileReference; lastKnownFileType = sourcecode.swift; path = CustomKeywordView.swift; sourceTree = "<group>"; };
		D20DC9E92AF3AA9E001F83D0 /* HorizontalTagsCollectionView.swift */ = {isa = PBXFileReference; lastKnownFileType = sourcecode.swift; path = HorizontalTagsCollectionView.swift; sourceTree = "<group>"; };
		D24BB9902AE106F000ED7028 /* BlogListViewController.swift */ = {isa = PBXFileReference; lastKnownFileType = sourcecode.swift; path = BlogListViewController.swift; sourceTree = "<group>"; };
		D24BB9922AE107F800ED7028 /* BlogListTableViewCell.swift */ = {isa = PBXFileReference; lastKnownFileType = sourcecode.swift; path = BlogListTableViewCell.swift; sourceTree = "<group>"; };
		D24BB9942AE1104400ED7028 /* BlogEditViewController.swift */ = {isa = PBXFileReference; lastKnownFileType = sourcecode.swift; path = BlogEditViewController.swift; sourceTree = "<group>"; };
		D28DC8062AE21E9D00D00EC6 /* BlogRegisterViewController.swift */ = {isa = PBXFileReference; lastKnownFileType = sourcecode.swift; path = BlogRegisterViewController.swift; sourceTree = "<group>"; };
		D29659ED2AE7EE5D000C28A6 /* TagCollectionViewCell.swift */ = {isa = PBXFileReference; lastKnownFileType = sourcecode.swift; path = TagCollectionViewCell.swift; sourceTree = "<group>"; };
		D29659EF2AE7EEEB000C28A6 /* TagCollectionViewFlowLayout.swift */ = {isa = PBXFileReference; lastKnownFileType = sourcecode.swift; path = TagCollectionViewFlowLayout.swift; sourceTree = "<group>"; };
		D29659F12AE80313000C28A6 /* EditTagViewController.swift */ = {isa = PBXFileReference; lastKnownFileType = sourcecode.swift; path = EditTagViewController.swift; sourceTree = "<group>"; };
		D29F54C42AF9FC970064B9B3 /* UITableView+Ext.swift */ = {isa = PBXFileReference; lastKnownFileType = sourcecode.swift; path = "UITableView+Ext.swift"; sourceTree = "<group>"; };
		D29F54C62AFB2BC80064B9B3 /* NotificationCenter+Ext.swift */ = {isa = PBXFileReference; lastKnownFileType = sourcecode.swift; path = "NotificationCenter+Ext.swift"; sourceTree = "<group>"; };
		D2A168492AE8D4E5006BD2C4 /* UIView+Ext.swift */ = {isa = PBXFileReference; lastKnownFileType = sourcecode.swift; path = "UIView+Ext.swift"; sourceTree = "<group>"; };
		D2A1684B2AE8D7AE006BD2C4 /* ContextTapGestureRecognizer.swift */ = {isa = PBXFileReference; lastKnownFileType = sourcecode.swift; path = ContextTapGestureRecognizer.swift; sourceTree = "<group>"; };
		D2A4D1F82AE5DD4000B510A3 /* FollowListViewController.swift */ = {isa = PBXFileReference; lastKnownFileType = sourcecode.swift; path = FollowListViewController.swift; sourceTree = "<group>"; };
		D2A4D1FA2AE5DF9000B510A3 /* FollowListTableViewCell.swift */ = {isa = PBXFileReference; lastKnownFileType = sourcecode.swift; path = FollowListTableViewCell.swift; sourceTree = "<group>"; };
		D2A4D1FC2AE60EDC00B510A3 /* CommunityTableViewCell.swift */ = {isa = PBXFileReference; lastKnownFileType = sourcecode.swift; path = CommunityTableViewCell.swift; sourceTree = "<group>"; };
		D2BEB5062AF8B78700C1BF30 /* BlockedUserViewController.swift */ = {isa = PBXFileReference; lastKnownFileType = sourcecode.swift; path = BlockedUserViewController.swift; sourceTree = "<group>"; };
		D2BEB5082AF8BB9C00C1BF30 /* CustomBlockedUserView.swift */ = {isa = PBXFileReference; lastKnownFileType = sourcecode.swift; path = CustomBlockedUserView.swift; sourceTree = "<group>"; };
		D2BEB50A2AF8BE5200C1BF30 /* BlockedUserTableViewCell.swift */ = {isa = PBXFileReference; lastKnownFileType = sourcecode.swift; path = BlockedUserTableViewCell.swift; sourceTree = "<group>"; };
		D2CDB6F42AEB66A900BFD8C2 /* CustomLargeButton.swift */ = {isa = PBXFileReference; lastKnownFileType = sourcecode.swift; path = CustomLargeButton.swift; sourceTree = "<group>"; };
		D2CDB6F62AEB66EC00BFD8C2 /* CustomLargeBorderButton.swift */ = {isa = PBXFileReference; lastKnownFileType = sourcecode.swift; path = CustomLargeBorderButton.swift; sourceTree = "<group>"; };
		D2CDB6F82AEB671800BFD8C2 /* CustomFollowButton.swift */ = {isa = PBXFileReference; lastKnownFileType = sourcecode.swift; path = CustomFollowButton.swift; sourceTree = "<group>"; };
		D2CDB6FC2AEB677100BFD8C2 /* CustomTitleLabel.swift */ = {isa = PBXFileReference; lastKnownFileType = sourcecode.swift; path = CustomTitleLabel.swift; sourceTree = "<group>"; };
		D2CDB6FE2AEB679800BFD8C2 /* CustomTextField.swift */ = {isa = PBXFileReference; lastKnownFileType = sourcecode.swift; path = CustomTextField.swift; sourceTree = "<group>"; };
		D2CDB7002AEB67C000BFD8C2 /* CustomTextFieldView.swift */ = {isa = PBXFileReference; lastKnownFileType = sourcecode.swift; path = CustomTextFieldView.swift; sourceTree = "<group>"; };
		D2CDB7022AEB680300BFD8C2 /* CustomTextFieldViewWithValidation.swift */ = {isa = PBXFileReference; lastKnownFileType = sourcecode.swift; path = CustomTextFieldViewWithValidation.swift; sourceTree = "<group>"; };
		D2CDB7042AEB684100BFD8C2 /* CustomLabelView.swift */ = {isa = PBXFileReference; lastKnownFileType = sourcecode.swift; path = CustomLabelView.swift; sourceTree = "<group>"; };
		D2CDB7062AEB686E00BFD8C2 /* CustomUserView.swift */ = {isa = PBXFileReference; lastKnownFileType = sourcecode.swift; path = CustomUserView.swift; sourceTree = "<group>"; };
		D2CDB7082AEB689D00BFD8C2 /* CustomTILView.swift */ = {isa = PBXFileReference; lastKnownFileType = sourcecode.swift; path = CustomTILView.swift; sourceTree = "<group>"; };
		D2CDB70A2AEB68DB00BFD8C2 /* CustomCommunityTILView.swift */ = {isa = PBXFileReference; lastKnownFileType = sourcecode.swift; path = CustomCommunityTILView.swift; sourceTree = "<group>"; };
		D2CDB70C2AEB690400BFD8C2 /* CustomBlogView.swift */ = {isa = PBXFileReference; lastKnownFileType = sourcecode.swift; path = CustomBlogView.swift; sourceTree = "<group>"; };
		D2CDB70E2AEB693C00BFD8C2 /* CustomSegmentedControl.swift */ = {isa = PBXFileReference; lastKnownFileType = sourcecode.swift; path = CustomSegmentedControl.swift; sourceTree = "<group>"; };
		D2CDB7102AEB696E00BFD8C2 /* CustomTagHeaderView.swift */ = {isa = PBXFileReference; lastKnownFileType = sourcecode.swift; path = CustomTagHeaderView.swift; sourceTree = "<group>"; };
		D2CDB7122AEB699000BFD8C2 /* CustomTagView.swift */ = {isa = PBXFileReference; lastKnownFileType = sourcecode.swift; path = CustomTagView.swift; sourceTree = "<group>"; };
		D2CDB7142AEB69DB00BFD8C2 /* TestComponentsViewController.swift */ = {isa = PBXFileReference; lastKnownFileType = sourcecode.swift; path = TestComponentsViewController.swift; sourceTree = "<group>"; };
/* End PBXFileReference section */

/* Begin PBXFrameworksBuildPhase section */
		3334E1A12AD6BC1800D853D7 /* Frameworks */ = {
			isa = PBXFrameworksBuildPhase;
			buildActionMask = 2147483647;
			files = (
				33DC8E002ADF84CC00580FA0 /* Then in Frameworks */,
				3334E1F12AD91DA100D853D7 /* PinLayout in Frameworks */,
				33DC8E032ADFC9CC00580FA0 /* CombineMoya in Frameworks */,
				AB75EDE82AEF9CBB00BC1BC9 /* XMLCoder in Frameworks */,
				3334E1F42AD91DCB00D853D7 /* FlexLayout in Frameworks */,
				3373D55F2AF4ECC30057A23B /* MoyaSugar in Frameworks */,
				3334E1F82AD91DCB00D853D7 /* FlexLayoutYogaKit in Frameworks */,
				AB8F2A1A2AEF9B260022D3E4 /* FSCalendar in Frameworks */,
				33DC8E052ADFC9CC00580FA0 /* Moya in Frameworks */,
				3334E1F62AD91DCB00D853D7 /* FlexLayoutYoga in Frameworks */,
			);
			runOnlyForDeploymentPostprocessing = 0;
		};
/* End PBXFrameworksBuildPhase section */

/* Begin PBXGroup section */
		3334E19B2AD6BC1800D853D7 = {
			isa = PBXGroup;
			children = (
				3334E1A62AD6BC1800D853D7 /* TILApp */,
				3334E1A52AD6BC1800D853D7 /* Products */,
			);
			sourceTree = "<group>";
		};
		3334E1A52AD6BC1800D853D7 /* Products */ = {
			isa = PBXGroup;
			children = (
				3334E1A42AD6BC1800D853D7 /* TILApp.app */,
			);
			name = Products;
			sourceTree = "<group>";
		};
		3334E1A62AD6BC1800D853D7 /* TILApp */ = {
			isa = PBXGroup;
			children = (
				3334E1C42AD9110000D853D7 /* Resources */,
				3334E1C22AD910EB00D853D7 /* Services */,
				3334E1C12AD910E400D853D7 /* Models */,
				3334E1C02AD910DB00D853D7 /* ViewModels */,
				3334E1BF2AD910D500D853D7 /* Views */,
				3334E1C32AD910F000D853D7 /* Utilities */,
				3334E1B52AD6BC1A00D853D7 /* Info.plist */,
			);
			path = TILApp;
			sourceTree = "<group>";
		};
		3334E1BF2AD910D500D853D7 /* Views */ = {
			isa = PBXGroup;
			children = (
				3334E1B22AD6BC1A00D853D7 /* LaunchScreen.storyboard */,
				33DC8E082ADFDAEC00580FA0 /* Test */,
				3334E1DA2AD9184B00D853D7 /* Shared */,
				3334E1EC2AD919E600D853D7 /* AuthView */,
				3334E1DC2AD918BD00D853D7 /* HomeView */,
				3334E1E12AD9190E00D853D7 /* CalendarView */,
				3334E1E52AD9196100D853D7 /* CommunityView */,
				3334E1E92AD919BA00D853D7 /* MyProfileViewController */,
			);
			path = Views;
			sourceTree = "<group>";
		};
		3334E1C02AD910DB00D853D7 /* ViewModels */ = {
			isa = PBXGroup;
			children = (
				3334E1D82AD9181F00D853D7 /* AuthViewModel.swift */,
				33A4E8232AECB4C700E3F55E /* UserViewModel.swift */,
				33A4E81B2AEBB14800E3F55E /* BlogViewModel.swift */,
				33A4E8252AECB57000E3F55E /* PostViewModel.swift */,
				D20DC9E32AF206D8001F83D0 /* KeywordInputViewModel.swift */,
				33A4E83D2AF0ECD700E3F55E /* CommunityViewModel.swift */,
				AB75EDEB2AF0E9A000BC1BC9 /* RssViewModel.swift */,
			);
			path = ViewModels;
			sourceTree = "<group>";
		};
		3334E1C12AD910E400D853D7 /* Models */ = {
			isa = PBXGroup;
			children = (
				3334E1CA2AD9121700D853D7 /* AuthUser.swift */,
				3334E1D62AD914EF00D853D7 /* User.swift */,
				3334E1C82AD911ED00D853D7 /* Blog.swift */,
				3334E1CC2AD9126400D853D7 /* Post.swift */,
				33A4E82F2AEF740600E3F55E /* Community.swift */,
				D20DC9E52AF2098F001F83D0 /* KeywordInput.swift */,
				AB75EDE92AF0E90300BC1BC9 /* Rss.swift */,
			);
			path = Models;
			sourceTree = "<group>";
		};
		3334E1C22AD910EB00D853D7 /* Services */ = {
			isa = PBXGroup;
			children = (
				3334E1D02AD9129600D853D7 /* APIService.swift */,
			);
			path = Services;
			sourceTree = "<group>";
		};
		3334E1C32AD910F000D853D7 /* Utilities */ = {
			isa = PBXGroup;
			children = (
				3334E1C52AD9112B00D853D7 /* Extensions */,
				D2A1684B2AE8D7AE006BD2C4 /* ContextTapGestureRecognizer.swift */,
				33A4E83B2AF0EB6300E3F55E /* converter.swift */,
			);
			path = Utilities;
			sourceTree = "<group>";
		};
		3334E1C42AD9110000D853D7 /* Resources */ = {
			isa = PBXGroup;
			children = (
				3334E1B02AD6BC1A00D853D7 /* Assets.xcassets */,
				D20AD8D02ADC5ECA00CDEB2C /* TILApp.entitlements */,
				3334E1A92AD6BC1800D853D7 /* SceneDelegate.swift */,
				3334E1A72AD6BC1800D853D7 /* AppDelegate.swift */,
				33A4E81D2AEBB24A00E3F55E /* Exported.swift */,
			);
			path = Resources;
			sourceTree = "<group>";
		};
		3334E1C52AD9112B00D853D7 /* Extensions */ = {
			isa = PBXGroup;
			children = (
				3334E1C62AD9113900D853D7 /* UIViewController+Ext.swift */,
				D2A168492AE8D4E5006BD2C4 /* UIView+Ext.swift */,
				D29F54C42AF9FC970064B9B3 /* UITableView+Ext.swift */,
				3334E1D42AD913FE00D853D7 /* Date+Ext.swift */,
				33DC8E0B2ADFFCAB00580FA0 /* Moya+Ext.swift */,
				D29F54C62AFB2BC80064B9B3 /* NotificationCenter+Ext.swift */,
			);
			path = Extensions;
			sourceTree = "<group>";
		};
		3334E1DA2AD9184B00D853D7 /* Shared */ = {
			isa = PBXGroup;
			children = (
				D2CDB6F32AEB665C00BFD8C2 /* Components */,
				3334E1AB2AD6BC1800D853D7 /* RootViewController.swift */,
				33A4E8312AEFCA7100E3F55E /* LoadingViewController.swift */,
			);
			path = Shared;
			sourceTree = "<group>";
		};
		3334E1DC2AD918BD00D853D7 /* HomeView */ = {
			isa = PBXGroup;
			children = (
				3334E1DD2AD918CB00D853D7 /* HomeViewController.swift */,
			);
			path = HomeView;
			sourceTree = "<group>";
		};
		3334E1E12AD9190E00D853D7 /* CalendarView */ = {
			isa = PBXGroup;
			children = (
				3334E1E32AD9194500D853D7 /* CalendarViewController.swift */,
			);
			path = CalendarView;
			sourceTree = "<group>";
		};
		3334E1E52AD9196100D853D7 /* CommunityView */ = {
			isa = PBXGroup;
			children = (
				3334E1E72AD919A200D853D7 /* CommunityViewController.swift */,
				D2A4D1F82AE5DD4000B510A3 /* FollowListViewController.swift */,
				D2A4D1FA2AE5DF9000B510A3 /* FollowListTableViewCell.swift */,
				D2A4D1FC2AE60EDC00B510A3 /* CommunityTableViewCell.swift */,
				9BE049B82AEB968E00A47CFC /* WebViewController.swift */,
				9BE049BF2AED229600A47CFC /* UserProfileViewController.swift */,
				9BE049C12AED60EE00A47CFC /* UserTableViewCell.swift */,
			);
			path = CommunityView;
			sourceTree = "<group>";
		};
		3334E1E92AD919BA00D853D7 /* MyProfileViewController */ = {
			isa = PBXGroup;
			children = (
				3334E1EA2AD919D700D853D7 /* MyProfileViewController.swift */,
				9BB3AD6E2AEEC99F004A25DB /* MyProfileTableViewCell.swift */,
				D24BB9902AE106F000ED7028 /* BlogListViewController.swift */,
				D24BB9922AE107F800ED7028 /* BlogListTableViewCell.swift */,
				D24BB9942AE1104400ED7028 /* BlogEditViewController.swift */,
				D28DC8062AE21E9D00D00EC6 /* BlogRegisterViewController.swift */,
				9B859B2A2AE26C2600025E8B /* ProfileEditViewController.swift */,
				D29659ED2AE7EE5D000C28A6 /* TagCollectionViewCell.swift */,
				D29659EF2AE7EEEB000C28A6 /* TagCollectionViewFlowLayout.swift */,
				D29659F12AE80313000C28A6 /* EditTagViewController.swift */,
				33A4E8292AECBE0800E3F55E /* SeeMoreBottomSheetViewController.swift */,
				33A4E82B2AECBE3C00E3F55E /* MoreTableViewCell.swift */,
				D2BEB5062AF8B78700C1BF30 /* BlockedUserViewController.swift */,
				D2BEB50A2AF8BE5200C1BF30 /* BlockedUserTableViewCell.swift */,
			);
			path = MyProfileViewController;
			sourceTree = "<group>";
		};
		3334E1EC2AD919E600D853D7 /* AuthView */ = {
			isa = PBXGroup;
			children = (
				3334E1ED2AD919F500D853D7 /* SignInViewController.swift */,
			);
			path = AuthView;
			sourceTree = "<group>";
		};
		33DC8E082ADFDAEC00580FA0 /* Test */ = {
			isa = PBXGroup;
			children = (
				33DC8E092ADFDAFF00580FA0 /* TestNetworkViewController.swift */,
				33DC8E0D2AE0029D00580FA0 /* TestLayoutViewController.swift */,
				D2CDB7142AEB69DB00BFD8C2 /* TestComponentsViewController.swift */,
			);
			path = Test;
			sourceTree = "<group>";
		};
		D2CDB6F32AEB665C00BFD8C2 /* Components */ = {
			isa = PBXGroup;
			children = (
				D2CDB6F42AEB66A900BFD8C2 /* CustomLargeButton.swift */,
				D2CDB6F62AEB66EC00BFD8C2 /* CustomLargeBorderButton.swift */,
				D2CDB6F82AEB671800BFD8C2 /* CustomFollowButton.swift */,
				D2CDB6FC2AEB677100BFD8C2 /* CustomTitleLabel.swift */,
				D2CDB6FE2AEB679800BFD8C2 /* CustomTextField.swift */,
				D2CDB7002AEB67C000BFD8C2 /* CustomTextFieldView.swift */,
				D2CDB7022AEB680300BFD8C2 /* CustomTextFieldViewWithValidation.swift */,
				D2CDB7042AEB684100BFD8C2 /* CustomLabelView.swift */,
				D2CDB7062AEB686E00BFD8C2 /* CustomUserView.swift */,
				D2CDB7082AEB689D00BFD8C2 /* CustomTILView.swift */,
				D2CDB70A2AEB68DB00BFD8C2 /* CustomCommunityTILView.swift */,
				D2CDB70C2AEB690400BFD8C2 /* CustomBlogView.swift */,
				D2CDB70E2AEB693C00BFD8C2 /* CustomSegmentedControl.swift */,
				D2CDB7102AEB696E00BFD8C2 /* CustomTagHeaderView.swift */,
				D2CDB7122AEB699000BFD8C2 /* CustomTagView.swift */,
				D20DC9E72AF3878A001F83D0 /* CustomKeywordView.swift */,
				D20DC9E92AF3AA9E001F83D0 /* HorizontalTagsCollectionView.swift */,
				D2BEB5082AF8BB9C00C1BF30 /* CustomBlockedUserView.swift */,
				3373D5652AFA2EDE0057A23B /* LikeButton.swift */,
			);
			path = Components;
			sourceTree = "<group>";
		};
/* End PBXGroup section */

/* Begin PBXNativeTarget section */
		3334E1A32AD6BC1800D853D7 /* TILApp */ = {
			isa = PBXNativeTarget;
			buildConfigurationList = 3334E1B82AD6BC1A00D853D7 /* Build configuration list for PBXNativeTarget "TILApp" */;
			buildPhases = (
				3334E1BB2AD78ED900D853D7 /* SwiftLint */,
				3334E1A02AD6BC1800D853D7 /* Sources */,
				3334E1A12AD6BC1800D853D7 /* Frameworks */,
				3334E1A22AD6BC1800D853D7 /* Resources */,
			);
			buildRules = (
			);
			dependencies = (
			);
			name = TILApp;
			packageProductDependencies = (
				3334E1F02AD91DA100D853D7 /* PinLayout */,
				3334E1F32AD91DCB00D853D7 /* FlexLayout */,
				3334E1F52AD91DCB00D853D7 /* FlexLayoutYoga */,
				3334E1F72AD91DCB00D853D7 /* FlexLayoutYogaKit */,
				33DC8DFF2ADF84CC00580FA0 /* Then */,
				33DC8E022ADFC9CC00580FA0 /* CombineMoya */,
				33DC8E042ADFC9CC00580FA0 /* Moya */,
				AB8F2A192AEF9B260022D3E4 /* FSCalendar */,
				AB75EDE72AEF9CBB00BC1BC9 /* XMLCoder */,
				3373D55E2AF4ECC30057A23B /* MoyaSugar */,
			);
			productName = TILApp;
			productReference = 3334E1A42AD6BC1800D853D7 /* TILApp.app */;
			productType = "com.apple.product-type.application";
		};
/* End PBXNativeTarget section */

/* Begin PBXProject section */
		3334E19C2AD6BC1800D853D7 /* Project object */ = {
			isa = PBXProject;
			attributes = {
				BuildIndependentTargetsInParallel = 1;
				LastSwiftUpdateCheck = 1500;
				LastUpgradeCheck = 1500;
				TargetAttributes = {
					3334E1A32AD6BC1800D853D7 = {
						CreatedOnToolsVersion = 15.0;
					};
				};
			};
			buildConfigurationList = 3334E19F2AD6BC1800D853D7 /* Build configuration list for PBXProject "TILApp" */;
			compatibilityVersion = "Xcode 14.0";
			developmentRegion = en;
			hasScannedForEncodings = 0;
			knownRegions = (
				en,
				Base,
			);
			mainGroup = 3334E19B2AD6BC1800D853D7;
			packageReferences = (
				3334E1EF2AD91DA100D853D7 /* XCRemoteSwiftPackageReference "PinLayout" */,
				3334E1F22AD91DCB00D853D7 /* XCRemoteSwiftPackageReference "FlexLayout" */,
				33DC8DFE2ADF84CC00580FA0 /* XCRemoteSwiftPackageReference "Then" */,
				33DC8E012ADFC9CC00580FA0 /* XCRemoteSwiftPackageReference "Moya" */,
				AB8F2A182AEF9B260022D3E4 /* XCRemoteSwiftPackageReference "FSCalendar" */,
				AB75EDE62AEF9CBB00BC1BC9 /* XCRemoteSwiftPackageReference "XMLCoder" */,
				3373D55D2AF4ECC30057A23B /* XCRemoteSwiftPackageReference "MoyaSugar" */,
			);
			productRefGroup = 3334E1A52AD6BC1800D853D7 /* Products */;
			projectDirPath = "";
			projectRoot = "";
			targets = (
				3334E1A32AD6BC1800D853D7 /* TILApp */,
			);
		};
/* End PBXProject section */

/* Begin PBXResourcesBuildPhase section */
		3334E1A22AD6BC1800D853D7 /* Resources */ = {
			isa = PBXResourcesBuildPhase;
			buildActionMask = 2147483647;
			files = (
				3334E1B42AD6BC1A00D853D7 /* LaunchScreen.storyboard in Resources */,
				3334E1B12AD6BC1A00D853D7 /* Assets.xcassets in Resources */,
			);
			runOnlyForDeploymentPostprocessing = 0;
		};
/* End PBXResourcesBuildPhase section */

/* Begin PBXShellScriptBuildPhase section */
		3334E1BB2AD78ED900D853D7 /* SwiftLint */ = {
			isa = PBXShellScriptBuildPhase;
			alwaysOutOfDate = 1;
			buildActionMask = 2147483647;
			files = (
			);
			inputFileListPaths = (
			);
			inputPaths = (
			);
			name = SwiftLint;
			outputFileListPaths = (
			);
			outputPaths = (
			);
			runOnlyForDeploymentPostprocessing = 0;
			shellPath = /bin/sh;
			shellScript = "if [[ \"$(uname -m)\" == arm64 ]]; then\n    export PATH=\"/opt/homebrew/bin:$PATH\"\nfi\n\nif type swiftlint > /dev/null; then\n    swiftlint\nelse\n    echo \"Warning: SwiftLint not installed. download using $ brew install swiftlint\"\nfi\n";
		};
/* End PBXShellScriptBuildPhase section */

/* Begin PBXSourcesBuildPhase section */
		3334E1A02AD6BC1800D853D7 /* Sources */ = {
			isa = PBXSourcesBuildPhase;
			buildActionMask = 2147483647;
			files = (
				3334E1EB2AD919D700D853D7 /* MyProfileViewController.swift in Sources */,
				3334E1AC2AD6BC1800D853D7 /* RootViewController.swift in Sources */,
				D2CDB7132AEB699000BFD8C2 /* CustomTagView.swift in Sources */,
				D2A1684A2AE8D4E5006BD2C4 /* UIView+Ext.swift in Sources */,
				3334E1A82AD6BC1800D853D7 /* AppDelegate.swift in Sources */,
				D2CDB6FF2AEB679800BFD8C2 /* CustomTextField.swift in Sources */,
				9B859B2B2AE26C2600025E8B /* ProfileEditViewController.swift in Sources */,
				D2CDB70D2AEB690400BFD8C2 /* CustomBlogView.swift in Sources */,
				3373D5662AFA2EDE0057A23B /* LikeButton.swift in Sources */,
				33DC8E0A2ADFDAFF00580FA0 /* TestNetworkViewController.swift in Sources */,
				D2A4D1F92AE5DD4000B510A3 /* FollowListViewController.swift in Sources */,
				3334E1E42AD9194500D853D7 /* CalendarViewController.swift in Sources */,
				D24BB9912AE106F000ED7028 /* BlogListViewController.swift in Sources */,
				3334E1CB2AD9121700D853D7 /* AuthUser.swift in Sources */,
				33DC8E0E2AE0029D00580FA0 /* TestLayoutViewController.swift in Sources */,
				33A4E82A2AECBE0800E3F55E /* SeeMoreBottomSheetViewController.swift in Sources */,
				D28DC8072AE21E9D00D00EC6 /* BlogRegisterViewController.swift in Sources */,
				33A4E81C2AEBB14800E3F55E /* BlogViewModel.swift in Sources */,
				D2CDB7152AEB69DB00BFD8C2 /* TestComponentsViewController.swift in Sources */,
				D2A4D1FD2AE60EDC00B510A3 /* CommunityTableViewCell.swift in Sources */,
				D20DC9E42AF206D8001F83D0 /* KeywordInputViewModel.swift in Sources */,
				3334E1C92AD911ED00D853D7 /* Blog.swift in Sources */,
				D2CDB6F92AEB671800BFD8C2 /* CustomFollowButton.swift in Sources */,
				D2A4D1FB2AE5DF9000B510A3 /* FollowListTableViewCell.swift in Sources */,
				D29659EE2AE7EE5D000C28A6 /* TagCollectionViewCell.swift in Sources */,
				3334E1C72AD9113900D853D7 /* UIViewController+Ext.swift in Sources */,
				9BE049C22AED60EE00A47CFC /* UserTableViewCell.swift in Sources */,
				D2CDB7072AEB686E00BFD8C2 /* CustomUserView.swift in Sources */,
				33DC8E0C2ADFFCAB00580FA0 /* Moya+Ext.swift in Sources */,
				9BE049B92AEB968E00A47CFC /* WebViewController.swift in Sources */,
				3334E1E82AD919A200D853D7 /* CommunityViewController.swift in Sources */,
				3334E1D92AD9181F00D853D7 /* AuthViewModel.swift in Sources */,
				3334E1CD2AD9126400D853D7 /* Post.swift in Sources */,
				3334E1D12AD9129600D853D7 /* APIService.swift in Sources */,
				33A4E82C2AECBE3C00E3F55E /* MoreTableViewCell.swift in Sources */,
				D2CDB6FD2AEB677100BFD8C2 /* CustomTitleLabel.swift in Sources */,
				D2CDB6F52AEB66A900BFD8C2 /* CustomLargeButton.swift in Sources */,
				D24BB9952AE1104400ED7028 /* BlogEditViewController.swift in Sources */,
				D2CDB6F72AEB66EC00BFD8C2 /* CustomLargeBorderButton.swift in Sources */,
				D2BEB50B2AF8BE5200C1BF30 /* BlockedUserTableViewCell.swift in Sources */,
				D2CDB7112AEB696E00BFD8C2 /* CustomTagHeaderView.swift in Sources */,
				D2CDB7052AEB684100BFD8C2 /* CustomLabelView.swift in Sources */,
				33A4E83E2AF0ECD700E3F55E /* CommunityViewModel.swift in Sources */,
				D20DC9E82AF3878A001F83D0 /* CustomKeywordView.swift in Sources */,
				D2CDB7012AEB67C000BFD8C2 /* CustomTextFieldView.swift in Sources */,
				D2BEB5092AF8BB9C00C1BF30 /* CustomBlockedUserView.swift in Sources */,
				D2CDB7032AEB680300BFD8C2 /* CustomTextFieldViewWithValidation.swift in Sources */,
				33A4E8262AECB57000E3F55E /* PostViewModel.swift in Sources */,
				D29659F02AE7EEEB000C28A6 /* TagCollectionViewFlowLayout.swift in Sources */,
				D2BEB5072AF8B78700C1BF30 /* BlockedUserViewController.swift in Sources */,
				D20DC9E62AF2098F001F83D0 /* KeywordInput.swift in Sources */,
				D20DC9EA2AF3AA9E001F83D0 /* HorizontalTagsCollectionView.swift in Sources */,
				D29F54C72AFB2BC80064B9B3 /* NotificationCenter+Ext.swift in Sources */,
				33A4E8302AEF740600E3F55E /* Community.swift in Sources */,
				33A4E8242AECB4C700E3F55E /* UserViewModel.swift in Sources */,
				3334E1DE2AD918CB00D853D7 /* HomeViewController.swift in Sources */,
				9BB3AD6F2AEEC99F004A25DB /* MyProfileTableViewCell.swift in Sources */,
				AB75EDEA2AF0E90300BC1BC9 /* Rss.swift in Sources */,
				33A4E8322AEFCA7100E3F55E /* LoadingViewController.swift in Sources */,
				D2CDB70B2AEB68DB00BFD8C2 /* CustomCommunityTILView.swift in Sources */,
				9BE049C02AED229600A47CFC /* UserProfileViewController.swift in Sources */,
				D29659F22AE80313000C28A6 /* EditTagViewController.swift in Sources */,
				33A4E81E2AEBB24A00E3F55E /* Exported.swift in Sources */,
				3334E1EE2AD919F500D853D7 /* SignInViewController.swift in Sources */,
				AB75EDEC2AF0E9A000BC1BC9 /* RssViewModel.swift in Sources */,
				3334E1AA2AD6BC1800D853D7 /* SceneDelegate.swift in Sources */,
				3334E1D52AD913FE00D853D7 /* Date+Ext.swift in Sources */,
				D2CDB7092AEB689D00BFD8C2 /* CustomTILView.swift in Sources */,
				D2A1684C2AE8D7AE006BD2C4 /* ContextTapGestureRecognizer.swift in Sources */,
				3334E1D72AD914EF00D853D7 /* User.swift in Sources */,
				D24BB9932AE107F800ED7028 /* BlogListTableViewCell.swift in Sources */,
				D29F54C52AF9FC970064B9B3 /* UITableView+Ext.swift in Sources */,
				33A4E83C2AF0EB6300E3F55E /* converter.swift in Sources */,
				D2CDB70F2AEB693C00BFD8C2 /* CustomSegmentedControl.swift in Sources */,
			);
			runOnlyForDeploymentPostprocessing = 0;
		};
/* End PBXSourcesBuildPhase section */

/* Begin PBXVariantGroup section */
		3334E1B22AD6BC1A00D853D7 /* LaunchScreen.storyboard */ = {
			isa = PBXVariantGroup;
			children = (
				3334E1B32AD6BC1A00D853D7 /* Base */,
			);
			name = LaunchScreen.storyboard;
			sourceTree = "<group>";
		};
/* End PBXVariantGroup section */

/* Begin XCBuildConfiguration section */
		3334E1B62AD6BC1A00D853D7 /* Debug */ = {
			isa = XCBuildConfiguration;
			buildSettings = {
				ALWAYS_SEARCH_USER_PATHS = NO;
				ASSETCATALOG_COMPILER_GENERATE_SWIFT_ASSET_SYMBOL_EXTENSIONS = YES;
				CLANG_ANALYZER_NONNULL = YES;
				CLANG_ANALYZER_NUMBER_OBJECT_CONVERSION = YES_AGGRESSIVE;
				CLANG_CXX_LANGUAGE_STANDARD = "gnu++20";
				CLANG_ENABLE_MODULES = YES;
				CLANG_ENABLE_OBJC_ARC = YES;
				CLANG_ENABLE_OBJC_WEAK = YES;
				CLANG_WARN_BLOCK_CAPTURE_AUTORELEASING = YES;
				CLANG_WARN_BOOL_CONVERSION = YES;
				CLANG_WARN_COMMA = YES;
				CLANG_WARN_CONSTANT_CONVERSION = YES;
				CLANG_WARN_DEPRECATED_OBJC_IMPLEMENTATIONS = YES;
				CLANG_WARN_DIRECT_OBJC_ISA_USAGE = YES_ERROR;
				CLANG_WARN_DOCUMENTATION_COMMENTS = YES;
				CLANG_WARN_EMPTY_BODY = YES;
				CLANG_WARN_ENUM_CONVERSION = YES;
				CLANG_WARN_INFINITE_RECURSION = YES;
				CLANG_WARN_INT_CONVERSION = YES;
				CLANG_WARN_NON_LITERAL_NULL_CONVERSION = YES;
				CLANG_WARN_OBJC_IMPLICIT_RETAIN_SELF = YES;
				CLANG_WARN_OBJC_LITERAL_CONVERSION = YES;
				CLANG_WARN_OBJC_ROOT_CLASS = YES_ERROR;
				CLANG_WARN_QUOTED_INCLUDE_IN_FRAMEWORK_HEADER = YES;
				CLANG_WARN_RANGE_LOOP_ANALYSIS = YES;
				CLANG_WARN_STRICT_PROTOTYPES = YES;
				CLANG_WARN_SUSPICIOUS_MOVE = YES;
				CLANG_WARN_UNGUARDED_AVAILABILITY = YES_AGGRESSIVE;
				CLANG_WARN_UNREACHABLE_CODE = YES;
				CLANG_WARN__DUPLICATE_METHOD_MATCH = YES;
				COPY_PHASE_STRIP = NO;
				DEBUG_INFORMATION_FORMAT = dwarf;
				ENABLE_STRICT_OBJC_MSGSEND = YES;
				ENABLE_TESTABILITY = YES;
				ENABLE_USER_SCRIPT_SANDBOXING = NO;
				GCC_C_LANGUAGE_STANDARD = gnu17;
				GCC_DYNAMIC_NO_PIC = NO;
				GCC_NO_COMMON_BLOCKS = YES;
				GCC_OPTIMIZATION_LEVEL = 0;
				GCC_PREPROCESSOR_DEFINITIONS = (
					"DEBUG=1",
					"$(inherited)",
				);
				"GCC_PREPROCESSOR_DEFINITIONS[arch=*]" = "";
				GCC_WARN_64_TO_32_BIT_CONVERSION = YES;
				GCC_WARN_ABOUT_RETURN_TYPE = YES_ERROR;
				GCC_WARN_UNDECLARED_SELECTOR = YES;
				GCC_WARN_UNINITIALIZED_AUTOS = YES_AGGRESSIVE;
				GCC_WARN_UNUSED_FUNCTION = YES;
				GCC_WARN_UNUSED_VARIABLE = YES;
				IPHONEOS_DEPLOYMENT_TARGET = 14.0;
				LOCALIZATION_PREFERS_STRING_CATALOGS = YES;
				MTL_ENABLE_DEBUG_INFO = INCLUDE_SOURCE;
				MTL_FAST_MATH = YES;
				ONLY_ACTIVE_ARCH = YES;
				SDKROOT = iphoneos;
				SWIFT_ACTIVE_COMPILATION_CONDITIONS = "DEBUG $(inherited)";
				SWIFT_OPTIMIZATION_LEVEL = "-Onone";
			};
			name = Debug;
		};
		3334E1B72AD6BC1A00D853D7 /* Release */ = {
			isa = XCBuildConfiguration;
			buildSettings = {
				ALWAYS_SEARCH_USER_PATHS = NO;
				ASSETCATALOG_COMPILER_GENERATE_SWIFT_ASSET_SYMBOL_EXTENSIONS = YES;
				CLANG_ANALYZER_NONNULL = YES;
				CLANG_ANALYZER_NUMBER_OBJECT_CONVERSION = YES_AGGRESSIVE;
				CLANG_CXX_LANGUAGE_STANDARD = "gnu++20";
				CLANG_ENABLE_MODULES = YES;
				CLANG_ENABLE_OBJC_ARC = YES;
				CLANG_ENABLE_OBJC_WEAK = YES;
				CLANG_WARN_BLOCK_CAPTURE_AUTORELEASING = YES;
				CLANG_WARN_BOOL_CONVERSION = YES;
				CLANG_WARN_COMMA = YES;
				CLANG_WARN_CONSTANT_CONVERSION = YES;
				CLANG_WARN_DEPRECATED_OBJC_IMPLEMENTATIONS = YES;
				CLANG_WARN_DIRECT_OBJC_ISA_USAGE = YES_ERROR;
				CLANG_WARN_DOCUMENTATION_COMMENTS = YES;
				CLANG_WARN_EMPTY_BODY = YES;
				CLANG_WARN_ENUM_CONVERSION = YES;
				CLANG_WARN_INFINITE_RECURSION = YES;
				CLANG_WARN_INT_CONVERSION = YES;
				CLANG_WARN_NON_LITERAL_NULL_CONVERSION = YES;
				CLANG_WARN_OBJC_IMPLICIT_RETAIN_SELF = YES;
				CLANG_WARN_OBJC_LITERAL_CONVERSION = YES;
				CLANG_WARN_OBJC_ROOT_CLASS = YES_ERROR;
				CLANG_WARN_QUOTED_INCLUDE_IN_FRAMEWORK_HEADER = YES;
				CLANG_WARN_RANGE_LOOP_ANALYSIS = YES;
				CLANG_WARN_STRICT_PROTOTYPES = YES;
				CLANG_WARN_SUSPICIOUS_MOVE = YES;
				CLANG_WARN_UNGUARDED_AVAILABILITY = YES_AGGRESSIVE;
				CLANG_WARN_UNREACHABLE_CODE = YES;
				CLANG_WARN__DUPLICATE_METHOD_MATCH = YES;
				COPY_PHASE_STRIP = NO;
				DEBUG_INFORMATION_FORMAT = "dwarf-with-dsym";
				ENABLE_NS_ASSERTIONS = NO;
				ENABLE_STRICT_OBJC_MSGSEND = YES;
				ENABLE_USER_SCRIPT_SANDBOXING = NO;
				GCC_C_LANGUAGE_STANDARD = gnu17;
				GCC_NO_COMMON_BLOCKS = YES;
				"GCC_PREPROCESSOR_DEFINITIONS[arch=*]" = "";
				GCC_WARN_64_TO_32_BIT_CONVERSION = YES;
				GCC_WARN_ABOUT_RETURN_TYPE = YES_ERROR;
				GCC_WARN_UNDECLARED_SELECTOR = YES;
				GCC_WARN_UNINITIALIZED_AUTOS = YES_AGGRESSIVE;
				GCC_WARN_UNUSED_FUNCTION = YES;
				GCC_WARN_UNUSED_VARIABLE = YES;
				IPHONEOS_DEPLOYMENT_TARGET = 14.0;
				LOCALIZATION_PREFERS_STRING_CATALOGS = YES;
				MTL_ENABLE_DEBUG_INFO = NO;
				MTL_FAST_MATH = YES;
				SDKROOT = iphoneos;
				SWIFT_COMPILATION_MODE = wholemodule;
				VALIDATE_PRODUCT = YES;
			};
			name = Release;
		};
		3334E1B92AD6BC1A00D853D7 /* Debug */ = {
			isa = XCBuildConfiguration;
			buildSettings = {
				ASSETCATALOG_COMPILER_APPICON_NAME = AppIcon;
				ASSETCATALOG_COMPILER_GLOBAL_ACCENT_COLOR_NAME = AccentColor;
				CODE_SIGN_ENTITLEMENTS = TILApp/Resources/TILApp.entitlements;
				CODE_SIGN_STYLE = Automatic;
				CURRENT_PROJECT_VERSION = 1;
				DEVELOPMENT_TEAM = 7TH7TS2438;
				"GCC_PREPROCESSOR_DEFINITIONS[arch=*]" = "FLEXLAYOUT_SWIFT_PACKAGE=1";
				GENERATE_INFOPLIST_FILE = YES;
				INFOPLIST_FILE = TILApp/Info.plist;
				INFOPLIST_KEY_UIApplicationSupportsIndirectInputEvents = YES;
				INFOPLIST_KEY_UILaunchStoryboardName = LaunchScreen;
				INFOPLIST_KEY_UISupportedInterfaceOrientations = UIInterfaceOrientationPortrait;
				INFOPLIST_KEY_UISupportedInterfaceOrientations_iPad = "UIInterfaceOrientationLandscapeLeft UIInterfaceOrientationLandscapeRight UIInterfaceOrientationPortrait UIInterfaceOrientationPortraitUpsideDown";
				IPHONEOS_DEPLOYMENT_TARGET = 14.0;
				LD_RUNPATH_SEARCH_PATHS = (
					"$(inherited)",
					"@executable_path/Frameworks",
				);
				MARKETING_VERSION = 1.0;
				OTHER_LDFLAGS = "-Wl,-ld_classic";
				PRODUCT_BUNDLE_IDENTIFIER = com.team2.TILApp;
				PRODUCT_NAME = "$(TARGET_NAME)";
				SUPPORTED_PLATFORMS = "iphoneos iphonesimulator";
				SUPPORTS_MACCATALYST = NO;
				SUPPORTS_MAC_DESIGNED_FOR_IPHONE_IPAD = NO;
				SWIFT_EMIT_LOC_STRINGS = YES;
				SWIFT_VERSION = 5.0;
				TARGETED_DEVICE_FAMILY = 1;
			};
			name = Debug;
		};
		3334E1BA2AD6BC1A00D853D7 /* Release */ = {
			isa = XCBuildConfiguration;
			buildSettings = {
				ASSETCATALOG_COMPILER_APPICON_NAME = AppIcon;
				ASSETCATALOG_COMPILER_GLOBAL_ACCENT_COLOR_NAME = AccentColor;
				CODE_SIGN_ENTITLEMENTS = TILApp/Resources/TILApp.entitlements;
				CODE_SIGN_STYLE = Automatic;
				CURRENT_PROJECT_VERSION = 1;
				DEVELOPMENT_TEAM = 7TH7TS2438;
				"GCC_PREPROCESSOR_DEFINITIONS[arch=*]" = "FLEXLAYOUT_SWIFT_PACKAGE=1";
				GENERATE_INFOPLIST_FILE = YES;
				INFOPLIST_FILE = TILApp/Info.plist;
				INFOPLIST_KEY_UIApplicationSupportsIndirectInputEvents = YES;
				INFOPLIST_KEY_UILaunchStoryboardName = LaunchScreen;
				INFOPLIST_KEY_UISupportedInterfaceOrientations = UIInterfaceOrientationPortrait;
				INFOPLIST_KEY_UISupportedInterfaceOrientations_iPad = "UIInterfaceOrientationLandscapeLeft UIInterfaceOrientationLandscapeRight UIInterfaceOrientationPortrait UIInterfaceOrientationPortraitUpsideDown";
				IPHONEOS_DEPLOYMENT_TARGET = 14.0;
				LD_RUNPATH_SEARCH_PATHS = (
					"$(inherited)",
					"@executable_path/Frameworks",
				);
				MARKETING_VERSION = 1.0;
				OTHER_LDFLAGS = "-Wl,-ld_classic";
				PRODUCT_BUNDLE_IDENTIFIER = com.team2.TILApp;
				PRODUCT_NAME = "$(TARGET_NAME)";
				SUPPORTED_PLATFORMS = "iphoneos iphonesimulator";
				SUPPORTS_MACCATALYST = NO;
				SUPPORTS_MAC_DESIGNED_FOR_IPHONE_IPAD = NO;
				SWIFT_EMIT_LOC_STRINGS = YES;
				SWIFT_VERSION = 5.0;
				TARGETED_DEVICE_FAMILY = 1;
			};
			name = Release;
		};
/* End XCBuildConfiguration section */

/* Begin XCConfigurationList section */
		3334E19F2AD6BC1800D853D7 /* Build configuration list for PBXProject "TILApp" */ = {
			isa = XCConfigurationList;
			buildConfigurations = (
				3334E1B62AD6BC1A00D853D7 /* Debug */,
				3334E1B72AD6BC1A00D853D7 /* Release */,
			);
			defaultConfigurationIsVisible = 0;
			defaultConfigurationName = Release;
		};
		3334E1B82AD6BC1A00D853D7 /* Build configuration list for PBXNativeTarget "TILApp" */ = {
			isa = XCConfigurationList;
			buildConfigurations = (
				3334E1B92AD6BC1A00D853D7 /* Debug */,
				3334E1BA2AD6BC1A00D853D7 /* Release */,
			);
			defaultConfigurationIsVisible = 0;
			defaultConfigurationName = Release;
		};
/* End XCConfigurationList section */

/* Begin XCRemoteSwiftPackageReference section */
		3334E1EF2AD91DA100D853D7 /* XCRemoteSwiftPackageReference "PinLayout" */ = {
			isa = XCRemoteSwiftPackageReference;
			repositoryURL = "https://github.com/layoutBox/PinLayout";
			requirement = {
				kind = upToNextMajorVersion;
				minimumVersion = 1.10.4;
			};
		};
		3334E1F22AD91DCB00D853D7 /* XCRemoteSwiftPackageReference "FlexLayout" */ = {
			isa = XCRemoteSwiftPackageReference;
			repositoryURL = "https://github.com/layoutBox/FlexLayout.git";
			requirement = {
				kind = upToNextMajorVersion;
				minimumVersion = 2.0.2;
			};
		};
		3373D55D2AF4ECC30057A23B /* XCRemoteSwiftPackageReference "MoyaSugar" */ = {
			isa = XCRemoteSwiftPackageReference;
			repositoryURL = "https://github.com/jinyongp/MoyaSugar";
			requirement = {
				branch = master;
				kind = branch;
			};
		};
		33DC8DFE2ADF84CC00580FA0 /* XCRemoteSwiftPackageReference "Then" */ = {
			isa = XCRemoteSwiftPackageReference;
			repositoryURL = "https://github.com/devxoul/Then";
			requirement = {
				kind = upToNextMajorVersion;
				minimumVersion = 3.0.0;
			};
		};
		33DC8E012ADFC9CC00580FA0 /* XCRemoteSwiftPackageReference "Moya" */ = {
			isa = XCRemoteSwiftPackageReference;
			repositoryURL = "https://github.com/Moya/Moya";
			requirement = {
				kind = upToNextMajorVersion;
				minimumVersion = 15.0.3;
			};
		};
		AB75EDE62AEF9CBB00BC1BC9 /* XCRemoteSwiftPackageReference "XMLCoder" */ = {
			isa = XCRemoteSwiftPackageReference;
			repositoryURL = "https://github.com/CoreOffice/XMLCoder";
			requirement = {
				kind = upToNextMajorVersion;
				minimumVersion = 0.17.1;
			};
		};
		AB8F2A182AEF9B260022D3E4 /* XCRemoteSwiftPackageReference "FSCalendar" */ = {
			isa = XCRemoteSwiftPackageReference;
			repositoryURL = "https://github.com/WenchaoD/FSCalendar.git";
			requirement = {
				kind = upToNextMajorVersion;
				minimumVersion = 2.8.4;
			};
		};
/* End XCRemoteSwiftPackageReference section */

/* Begin XCSwiftPackageProductDependency section */
		3334E1F02AD91DA100D853D7 /* PinLayout */ = {
			isa = XCSwiftPackageProductDependency;
			package = 3334E1EF2AD91DA100D853D7 /* XCRemoteSwiftPackageReference "PinLayout" */;
			productName = PinLayout;
		};
		3334E1F32AD91DCB00D853D7 /* FlexLayout */ = {
			isa = XCSwiftPackageProductDependency;
			package = 3334E1F22AD91DCB00D853D7 /* XCRemoteSwiftPackageReference "FlexLayout" */;
			productName = FlexLayout;
		};
		3334E1F52AD91DCB00D853D7 /* FlexLayoutYoga */ = {
			isa = XCSwiftPackageProductDependency;
			package = 3334E1F22AD91DCB00D853D7 /* XCRemoteSwiftPackageReference "FlexLayout" */;
			productName = FlexLayoutYoga;
		};
		3334E1F72AD91DCB00D853D7 /* FlexLayoutYogaKit */ = {
			isa = XCSwiftPackageProductDependency;
			package = 3334E1F22AD91DCB00D853D7 /* XCRemoteSwiftPackageReference "FlexLayout" */;
			productName = FlexLayoutYogaKit;
		};
		3373D55E2AF4ECC30057A23B /* MoyaSugar */ = {
			isa = XCSwiftPackageProductDependency;
			package = 3373D55D2AF4ECC30057A23B /* XCRemoteSwiftPackageReference "MoyaSugar" */;
			productName = MoyaSugar;
		};
		33DC8DFF2ADF84CC00580FA0 /* Then */ = {
			isa = XCSwiftPackageProductDependency;
			package = 33DC8DFE2ADF84CC00580FA0 /* XCRemoteSwiftPackageReference "Then" */;
			productName = Then;
		};
		33DC8E022ADFC9CC00580FA0 /* CombineMoya */ = {
			isa = XCSwiftPackageProductDependency;
			package = 33DC8E012ADFC9CC00580FA0 /* XCRemoteSwiftPackageReference "Moya" */;
			productName = CombineMoya;
		};
		33DC8E042ADFC9CC00580FA0 /* Moya */ = {
			isa = XCSwiftPackageProductDependency;
			package = 33DC8E012ADFC9CC00580FA0 /* XCRemoteSwiftPackageReference "Moya" */;
			productName = Moya;
		};
		AB75EDE72AEF9CBB00BC1BC9 /* XMLCoder */ = {
			isa = XCSwiftPackageProductDependency;
			package = AB75EDE62AEF9CBB00BC1BC9 /* XCRemoteSwiftPackageReference "XMLCoder" */;
			productName = XMLCoder;
		};
		AB8F2A192AEF9B260022D3E4 /* FSCalendar */ = {
			isa = XCSwiftPackageProductDependency;
			package = AB8F2A182AEF9B260022D3E4 /* XCRemoteSwiftPackageReference "FSCalendar" */;
			productName = FSCalendar;
		};
/* End XCSwiftPackageProductDependency section */
	};
	rootObject = 3334E19C2AD6BC1800D853D7 /* Project object */;
}
